# generated by rye
# use `rye lock` or `rye sync` to update this lockfile
#
# last locked with the following flags:
#   pre: false
#   features: []
#   all-features: true
#   with-sources: false
#   generate-hashes: false
#   universal: false

-e file:.
annotated-types==0.7.0
    # via pydantic
anyio==4.6.2.post1
    # via httpx
    # via khulnasoft
argcomplete==3.5.1
    # via nox
certifi==2024.8.30
    # via httpcore
    # via httpx
colorlog==6.9.0
    # via nox
dirty-equals==0.8.0
distlib==0.3.9
    # via virtualenv
distro==1.9.0
    # via khulnasoft
exceptiongroup==1.2.2
    # via anyio
    # via pytest
filelock==3.16.1
    # via virtualenv
h11==0.14.0
    # via httpcore
httpcore==1.0.7
    # via httpx
httpx==0.27.2
    # via khulnasoft
    # via respx
idna==3.10
    # via anyio
    # via httpx
importlib-metadata==8.5.0
iniconfig==2.0.0
    # via pytest
markdown-it-py==3.0.0
    # via rich
mdurl==0.1.2
    # via markdown-it-py
mypy==1.13.0
mypy-extensions==1.0.0
    # via mypy
nodeenv==1.9.1
    # via pyright
nox==2024.10.9
packaging==24.2
    # via nox
    # via pytest
platformdirs==4.3.6
    # via virtualenv
pluggy==1.5.0
    # via pytest
pydantic==2.10.1
    # via khulnasoft
pydantic-core==2.27.1
    # via pydantic
pygments==2.18.0
    # via rich
pyright==1.1.389
pytest==8.3.3
    # via pytest-asyncio
pytest-asyncio==0.24.0
python-dateutil==2.9.0.post0
    # via time-machine
respx==0.21.1
rich==13.9.4
ruff==0.8.0
six==1.16.0
    # via python-dateutil
sniffio==1.3.1
    # via anyio
    # via httpx
    # via khulnasoft
time-machine==2.16.0
tomli==2.1.0
    # via mypy
    # via nox
    # via pytest
typing-extensions==4.12.2
    # via anyio
    # via khulnasoft
    # via mypy
    # via pydantic
    # via pydantic-core
    # via pyright
    # via rich
virtualenv==20.28.0
    # via nox
zipp==3.21.0
    # via importlib-metadata
