
Microsoft Visual Studio Solution File, Format Version 12.00
# Visual Studio 15
VisualStudioVersion = 15.0.27428.2005
MinimumVisualStudioVersion = 10.0.40219.1
Project("{8BC9CEB8-8B4A-11D0-8D11-00A0C91BC942}") = "transr_r", "transr_r.vcxproj", "{E33A899D-8C47-49F3-9947-8A3F7869FC95}"
EndProject
Project("{8BC9CEB8-8B4A-11D0-8D11-00A0C91BC942}") = "testtrans", "..\..\tests\testtrans.vcxproj", "{0A7551CB-3364-4B98-82B1-B27D62A2E4BB}"
	ProjectSection(ProjectDependencies) = postProject
		{E33A899D-8C47-49F3-9947-8A3F7869FC95} = {E33A899D-8C47-49F3-9947-8A3F7869FC95}
	EndProjectSection
EndProject
Global
	GlobalSection(SolutionConfigurationPlatforms) = preSolution
		Debug|x64 = Debug|x64
		Debug|x86 = Debug|x86
		Release|x64 = Release|x64
		Release|x86 = Release|x86
	EndGlobalSection
	GlobalSection(ProjectConfigurationPlatforms) = postSolution
		{E33A899D-8C47-49F3-9947-8A3F7869FC95}.Debug|x64.ActiveCfg = Debug|x64
		{E33A899D-8C47-49F3-9947-8A3F7869FC95}.Debug|x64.Build.0 = Debug|x64
		{E33A899D-8C47-49F3-9947-8A3F7869FC95}.Debug|x86.ActiveCfg = Debug|Win32
		{E33A899D-8C47-49F3-9947-8A3F7869FC95}.Debug|x86.Build.0 = Debug|Win32
		{E33A899D-8C47-49F3-9947-8A3F7869FC95}.Release|x64.ActiveCfg = Release|x64
		{E33A899D-8C47-49F3-9947-8A3F7869FC95}.Release|x64.Build.0 = Release|x64
		{E33A899D-8C47-49F3-9947-8A3F7869FC95}.Release|x86.ActiveCfg = Release|Win32
		{E33A899D-8C47-49F3-9947-8A3F7869FC95}.Release|x86.Build.0 = Release|Win32
		{0A7551CB-3364-4B98-82B1-B27D62A2E4BB}.Debug|x64.ActiveCfg = Debug|x64
		{0A7551CB-3364-4B98-82B1-B27D62A2E4BB}.Debug|x64.Build.0 = Debug|x64
		{0A7551CB-3364-4B98-82B1-B27D62A2E4BB}.Debug|x86.ActiveCfg = Debug|Win32
		{0A7551CB-3364-4B98-82B1-B27D62A2E4BB}.Debug|x86.Build.0 = Debug|Win32
		{0A7551CB-3364-4B98-82B1-B27D62A2E4BB}.Release|x64.ActiveCfg = Release|x64
		{0A7551CB-3364-4B98-82B1-B27D62A2E4BB}.Release|x64.Build.0 = Release|x64
		{0A7551CB-3364-4B98-82B1-B27D62A2E4BB}.Release|x86.ActiveCfg = Release|Win32
		{0A7551CB-3364-4B98-82B1-B27D62A2E4BB}.Release|x86.Build.0 = Release|Win32
	EndGlobalSection
	GlobalSection(SolutionProperties) = preSolution
		HideSolutionNode = FALSE
	EndGlobalSection
	GlobalSection(ExtensibilityGlobals) = postSolution
		SolutionGuid = {9E42190E-F99C-4B6E-90C6-0DDD289EF662}
	EndGlobalSection
EndGlobal
